
Microsoft Visual Studio Solution File, Format Version 12.00
# Visual Studio Version 17
VisualStudioVersion = 17.3.32929.385
MinimumVisualStudioVersion = 10.0.40219.1
Project("{FAE04EC0-301F-11D3-BF4B-00C04F79EFBC}") = "Prospect_OnCreate", "Prospect_OnCreate\Prospect_OnCreate.csproj", "{7DAA77DD-C08C-4F46-BA94-CCFE8770C853}"
EndProject
Global
	GlobalSection(SolutionConfigurationPlatforms) = preSolution
		Debug|Any CPU = Debug|Any CPU
		Release|Any CPU = Release|Any CPU
	EndGlobalSection
	GlobalSection(ProjectConfigurationPlatforms) = postSolution
		{7DAA77DD-C08C-4F46-BA94-CCFE8770C853}.Debug|Any CPU.ActiveCfg = Debug|Any CPU
		{7DAA77DD-C08C-4F46-BA94-CCFE8770C853}.Debug|Any CPU.Build.0 = Debug|Any CPU
		{7DAA77DD-C08C-4F46-BA94-CCFE8770C853}.Release|Any CPU.ActiveCfg = Release|Any CPU
		{7DAA77DD-C08C-4F46-BA94-CCFE8770C853}.Release|Any CPU.Build.0 = Release|Any CPU
	EndGlobalSection
	GlobalSection(SolutionProperties) = preSolution
		HideSolutionNode = FALSE
	EndGlobalSection
	GlobalSection(ExtensibilityGlobals) = postSolution
		SolutionGuid = {D52FA14F-65C9-4703-BE9D-6A77EFF2689A}
	EndGlobalSection
EndGlobal
